
Microsoft Visual Studio Solution File, Format Version 12.00
# Visual Studio Version 16
VisualStudioVersion = 16.0.32630.194
MinimumVisualStudioVersion = 10.0.40219.1
Project("{FAE04EC0-301F-11D3-BF4B-00C04F79EFBC}") = "labwork1", "labwork1.csproj", "{13A90D93-6BE8-4706-9902-A375EF14D46F}"
EndProject
Global
	GlobalSection(SolutionConfigurationPlatforms) = preSolution
		Debug|Any CPU = Debug|Any CPU
		Release|Any CPU = Release|Any CPU
	EndGlobalSection
	GlobalSection(ProjectConfigurationPlatforms) = postSolution
		{13A90D93-6BE8-4706-9902-A375EF14D46F}.Debug|Any CPU.ActiveCfg = Debug|Any CPU
		{13A90D93-6BE8-4706-9902-A375EF14D46F}.Debug|Any CPU.Build.0 = Debug|Any CPU
		{13A90D93-6BE8-4706-9902-A375EF14D46F}.Release|Any CPU.ActiveCfg = Release|Any CPU
		{13A90D93-6BE8-4706-9902-A375EF14D46F}.Release|Any CPU.Build.0 = Release|Any CPU
	EndGlobalSection
	GlobalSection(SolutionProperties) = preSolution
		HideSolutionNode = FALSE
	EndGlobalSection
	GlobalSection(ExtensibilityGlobals) = postSolution
		SolutionGuid = {C6E2769F-8A6C-4387-82AC-6C147F60AD76}
	EndGlobalSection
EndGlobal
